
Microsoft Visual Studio Solution File, Format Version 12.00
# Visual Studio 15
VisualStudioVersion = 15.0.26403.7
MinimumVisualStudioVersion = 10.0.40219.1
Project("{FAE04EC0-301F-11D3-BF4B-00C04F79EFBC}") = "LevelsWithDbWebApp", "LevelsWithDbWebApp\LevelsWithDbWebApp.csproj", "{9C9B111B-3340-45C8-8679-725B599F28A7}"
EndProject
Project("{00D1A9C2-B5F0-4AF3-8072-F6C62B433612}") = "MyLevelsDatabaseProject", "MyLevelsDatabaseProject\MyLevelsDatabaseProject.sqlproj", "{C13DD1CD-F8CF-40FD-BF00-3C071230754B}"
EndProject
Global
	GlobalSection(SolutionConfigurationPlatforms) = preSolution
		Debug|Any CPU = Debug|Any CPU
		Release|Any CPU = Release|Any CPU
	EndGlobalSection
	GlobalSection(ProjectConfigurationPlatforms) = postSolution
		{9C9B111B-3340-45C8-8679-725B599F28A7}.Debug|Any CPU.ActiveCfg = Debug|Any CPU
		{9C9B111B-3340-45C8-8679-725B599F28A7}.Debug|Any CPU.Build.0 = Debug|Any CPU
		{9C9B111B-3340-45C8-8679-725B599F28A7}.Release|Any CPU.ActiveCfg = Release|Any CPU
		{9C9B111B-3340-45C8-8679-725B599F28A7}.Release|Any CPU.Build.0 = Release|Any CPU
		{C13DD1CD-F8CF-40FD-BF00-3C071230754B}.Debug|Any CPU.ActiveCfg = Debug|Any CPU
		{C13DD1CD-F8CF-40FD-BF00-3C071230754B}.Debug|Any CPU.Build.0 = Debug|Any CPU
		{C13DD1CD-F8CF-40FD-BF00-3C071230754B}.Debug|Any CPU.Deploy.0 = Debug|Any CPU
		{C13DD1CD-F8CF-40FD-BF00-3C071230754B}.Release|Any CPU.ActiveCfg = Release|Any CPU
		{C13DD1CD-F8CF-40FD-BF00-3C071230754B}.Release|Any CPU.Build.0 = Release|Any CPU
		{C13DD1CD-F8CF-40FD-BF00-3C071230754B}.Release|Any CPU.Deploy.0 = Release|Any CPU
	EndGlobalSection
	GlobalSection(SolutionProperties) = preSolution
		HideSolutionNode = FALSE
	EndGlobalSection
EndGlobal
